
Microsoft Visual Studio Solution File, Format Version 11.00
# Visual Studio 2010
Project("{FAE04EC0-301F-11D3-BF4B-00C04F79EFBC}") = "Unity.Timeline", "Unity.Timeline.csproj", "{c136b9e5-13ee-90b1-44d9-a1c45843afc3}"
EndProject
Project("{FAE04EC0-301F-11D3-BF4B-00C04F79EFBC}") = "Unity.Timeline.Editor", "Unity.Timeline.Editor.csproj", "{4f1d878c-4b9b-a298-cf09-275fa74579c7}"
EndProject
Project("{FAE04EC0-301F-11D3-BF4B-00C04F79EFBC}") = "Unity.ShaderGraph.Editor", "Unity.ShaderGraph.Editor.csproj", "{ce1e8d8f-c325-fae8-62c1-483e9b42b500}"
EndProject
Project("{FAE04EC0-301F-11D3-BF4B-00C04F79EFBC}") = "Unity.RenderPipelines.Universal.Editor", "Unity.RenderPipelines.Universal.Editor.csproj", "{40427dde-55b8-35cb-6667-2330ba7b0fcc}"
EndProject
Project("{FAE04EC0-301F-11D3-BF4B-00C04F79EFBC}") = "Unity.TextMeshPro.Editor", "Unity.TextMeshPro.Editor.csproj", "{bc7dd3aa-382e-3c33-ad66-19777317be2b}"
EndProject
Project("{FAE04EC0-301F-11D3-BF4B-00C04F79EFBC}") = "Unity.VisualScripting.Flow", "Unity.VisualScripting.Flow.csproj", "{f1b852e5-b2b4-2e94-12e1-2b64c2d1f24c}"
EndProject
Project("{FAE04EC0-301F-11D3-BF4B-00C04F79EFBC}") = "Unity.RenderPipelines.Universal.Runtime", "Unity.RenderPipelines.Universal.Runtime.csproj", "{a4eeb461-a528-5b82-21ae-2e3697887952}"
EndProject
Project("{FAE04EC0-301F-11D3-BF4B-00C04F79EFBC}") = "UnityEditor.UI", "UnityEditor.UI.csproj", "{54fa409c-f29e-1526-085a-7a185a92e82f}"
EndProject
Project("{FAE04EC0-301F-11D3-BF4B-00C04F79EFBC}") = "Unity.PlasticSCM.Editor", "Unity.PlasticSCM.Editor.csproj", "{35ce3769-5417-eb7e-8320-e09373b67c8e}"
EndProject
Project("{FAE04EC0-301F-11D3-BF4B-00C04F79EFBC}") = "Unity.RenderPipelines.Core.Runtime", "Unity.RenderPipelines.Core.Runtime.csproj", "{65380eb1-134b-3eb9-5684-160e7f2e3b7d}"
EndProject
Project("{FAE04EC0-301F-11D3-BF4B-00C04F79EFBC}") = "Unity.VisualScripting.Core", "Unity.VisualScripting.Core.csproj", "{392faed9-ebd1-ca4d-4057-aca1f5bce483}"
EndProject
Project("{FAE04EC0-301F-11D3-BF4B-00C04F79EFBC}") = "Unity.Mathematics", "Unity.Mathematics.csproj", "{4fd10847-e7ba-890d-d980-b5905988b52e}"
EndProject
Project("{FAE04EC0-301F-11D3-BF4B-00C04F79EFBC}") = "Unity.RenderPipelines.Core.Editor", "Unity.RenderPipelines.Core.Editor.csproj", "{f299a7e6-c14f-4a22-88aa-0165d2d4c64b}"
EndProject
Project("{FAE04EC0-301F-11D3-BF4B-00C04F79EFBC}") = "Unity.VisualScripting.Core.Editor", "Unity.VisualScripting.Core.Editor.csproj", "{ad918828-b337-eecf-d248-19e3f736973a}"
EndProject
Project("{FAE04EC0-301F-11D3-BF4B-00C04F79EFBC}") = "Unity.VisualScripting.Flow.Editor", "Unity.VisualScripting.Flow.Editor.csproj", "{f6178f6d-d071-be1d-bd56-b04f1aeaaad5}"
EndProject
Project("{FAE04EC0-301F-11D3-BF4B-00C04F79EFBC}") = "UnityEditor.TestRunner", "UnityEditor.TestRunner.csproj", "{f439f8b3-eb45-ebfc-25ed-46d548247e0c}"
EndProject
Project("{FAE04EC0-301F-11D3-BF4B-00C04F79EFBC}") = "Unity.VisualScripting.SettingsProvider.Editor", "Unity.VisualScripting.SettingsProvider.Editor.csproj", "{19fc9d6b-6dd1-4843-7111-3bf055770ea9}"
EndProject
Project("{FAE04EC0-301F-11D3-BF4B-00C04F79EFBC}") = "UnityEngine.TestRunner", "UnityEngine.TestRunner.csproj", "{13d3c9ce-e315-4d8f-f9ea-8d70b257e429}"
EndProject
Project("{FAE04EC0-301F-11D3-BF4B-00C04F79EFBC}") = "Unity.Searcher.Editor", "Unity.Searcher.Editor.csproj", "{03668ecd-8ced-b513-30f9-25ca229be4b1}"
EndProject
Project("{FAE04EC0-301F-11D3-BF4B-00C04F79EFBC}") = "Unity.Burst", "Unity.Burst.csproj", "{13942240-31bd-66d7-bd3a-e0514f3bd232}"
EndProject
Project("{FAE04EC0-301F-11D3-BF4B-00C04F79EFBC}") = "UnityEngine.UI", "UnityEngine.UI.csproj", "{3640f888-e520-013e-8d90-a8b25292dbf1}"
EndProject
Project("{FAE04EC0-301F-11D3-BF4B-00C04F79EFBC}") = "Unity.VisualStudio.Editor", "Unity.VisualStudio.Editor.csproj", "{48891f38-1859-0976-3503-5530dc1506f2}"
EndProject
Project("{FAE04EC0-301F-11D3-BF4B-00C04F79EFBC}") = "PPv2URPConverters", "PPv2URPConverters.csproj", "{1dc3feec-b09e-a1bb-8d84-81ab007ede11}"
EndProject
Project("{FAE04EC0-301F-11D3-BF4B-00C04F79EFBC}") = "Unity.Rider.Editor", "Unity.Rider.Editor.csproj", "{6a77f9e4-272b-055e-0e4a-dee13b20f200}"
EndProject
Project("{FAE04EC0-301F-11D3-BF4B-00C04F79EFBC}") = "Unity.VisualScripting.State.Editor", "Unity.VisualScripting.State.Editor.csproj", "{8cd6a860-60a8-cbb7-820f-bf5a29ad11eb}"
EndProject
Project("{FAE04EC0-301F-11D3-BF4B-00C04F79EFBC}") = "Unity.Burst.CodeGen", "Unity.Burst.CodeGen.csproj", "{cb74517f-339d-3c0c-06e9-0a19f759a642}"
EndProject
Project("{FAE04EC0-301F-11D3-BF4B-00C04F79EFBC}") = "Unity.RenderPipeline.Universal.ShaderLibrary", "Unity.RenderPipeline.Universal.ShaderLibrary.csproj", "{7ce11f2f-64a1-6f57-9183-519e1fa0977b}"
EndProject
Project("{FAE04EC0-301F-11D3-BF4B-00C04F79EFBC}") = "Unity.VisualScripting.State", "Unity.VisualScripting.State.csproj", "{c7895fe9-6fbe-e386-2eae-2f2cf2f8510c}"
EndProject
Project("{FAE04EC0-301F-11D3-BF4B-00C04F79EFBC}") = "Unity.TextMeshPro", "Unity.TextMeshPro.csproj", "{7e3ca217-8b65-22b1-61da-3c567eeb48a2}"
EndProject
Project("{FAE04EC0-301F-11D3-BF4B-00C04F79EFBC}") = "Unity.VSCode.Editor", "Unity.VSCode.Editor.csproj", "{a0e896c1-e5b7-16eb-1105-970becf1e77c}"
EndProject
Project("{FAE04EC0-301F-11D3-BF4B-00C04F79EFBC}") = "Unity.Burst.Editor", "Unity.Burst.Editor.csproj", "{70532176-7574-ade3-db08-7375df596bbc}"
EndProject
Project("{FAE04EC0-301F-11D3-BF4B-00C04F79EFBC}") = "Unity.ShaderGraph.Utilities", "Unity.ShaderGraph.Utilities.csproj", "{99a707ad-ae29-a515-99ff-c9e90d6cd32e}"
EndProject
Project("{FAE04EC0-301F-11D3-BF4B-00C04F79EFBC}") = "Unity.Mathematics.Editor", "Unity.Mathematics.Editor.csproj", "{4a42f425-84f1-e06a-c9bb-176d6c7094f4}"
EndProject
Project("{FAE04EC0-301F-11D3-BF4B-00C04F79EFBC}") = "Unity.VisualScripting.Shared.Editor", "Unity.VisualScripting.Shared.Editor.csproj", "{92846436-dc87-2a54-bd48-dbfea569f85e}"
EndProject
Project("{FAE04EC0-301F-11D3-BF4B-00C04F79EFBC}") = "Unity.RenderPipelines.Universal.Config.Runtime", "Unity.RenderPipelines.Universal.Config.Runtime.csproj", "{0c43f7b6-92e8-4a33-e698-1895ec3a9b8d}"
EndProject
Project("{FAE04EC0-301F-11D3-BF4B-00C04F79EFBC}") = "Unity.CollabProxy.Editor", "Unity.CollabProxy.Editor.csproj", "{f6d8fd05-b058-0c98-0ff5-a4058b653f21}"
EndProject
Project("{FAE04EC0-301F-11D3-BF4B-00C04F79EFBC}") = "Unity.RenderPipelines.ShaderGraph.ShaderGraphLibrary", "Unity.RenderPipelines.ShaderGraph.ShaderGraphLibrary.csproj", "{272dd1c3-e8af-a3ab-ae78-624f83d0a2e1}"
EndProject
Project("{FAE04EC0-301F-11D3-BF4B-00C04F79EFBC}") = "Unity.RenderPipelines.Core.ShaderLibrary", "Unity.RenderPipelines.Core.ShaderLibrary.csproj", "{5362c477-a166-36ee-1364-ea6bab2c9a6a}"
EndProject
Project("{FAE04EC0-301F-11D3-BF4B-00C04F79EFBC}") = "Assembly-CSharp", "Assembly-CSharp.csproj", "{657503b4-b631-e404-fbef-4674798609cd}"
EndProject
Project("{FAE04EC0-301F-11D3-BF4B-00C04F79EFBC}") = "Unity.RenderPipelines.Universal.Shaders", "Unity.RenderPipelines.Universal.Shaders.csproj", "{8d570162-edee-5bcb-2a78-3ed6ee9cee76}"
EndProject
Project("{FAE04EC0-301F-11D3-BF4B-00C04F79EFBC}") = "Assembly-CSharp-Editor", "Assembly-CSharp-Editor.csproj", "{a1d1fae3-10d4-494a-642b-8207f6b3d58e}"
EndProject
Project("{FAE04EC0-301F-11D3-BF4B-00C04F79EFBC}") = "Unity.Mathematics.Tests", "Unity.Mathematics.Tests.csproj", "{36dc2c35-5179-34d7-940a-3d3d4c8079aa}"
EndProject
Project("{FAE04EC0-301F-11D3-BF4B-00C04F79EFBC}") = "Unity.RenderPipelines.Core.Editor.Tests", "Unity.RenderPipelines.Core.Editor.Tests.csproj", "{9419bddf-12b7-680b-b39e-cf5d225575c8}"
EndProject
Project("{FAE04EC0-301F-11D3-BF4B-00C04F79EFBC}") = "Unity.RenderPipelines.Universal.Config.Editor.Tests", "Unity.RenderPipelines.Universal.Config.Editor.Tests.csproj", "{92ea03b0-ed69-9d16-4187-78d2ba0a2250}"
EndProject
Project("{FAE04EC0-301F-11D3-BF4B-00C04F79EFBC}") = "Unity.Burst.Tests.UnitTests", "Unity.Burst.Tests.UnitTests.csproj", "{b009fbe1-d185-6ff6-5c6b-3704fbc02273}"
EndProject
Project("{FAE04EC0-301F-11D3-BF4B-00C04F79EFBC}") = "Unity.Searcher.EditorTests", "Unity.Searcher.EditorTests.csproj", "{13654c55-f41f-2091-cdcf-7d36d8a56d5b}"
EndProject
Project("{FAE04EC0-301F-11D3-BF4B-00C04F79EFBC}") = "Unity.Burst.Editor.Tests", "Unity.Burst.Editor.Tests.csproj", "{33b112f3-ee59-2d68-803a-7355b00411a8}"
EndProject
Project("{FAE04EC0-301F-11D3-BF4B-00C04F79EFBC}") = "Unity.TextMeshPro.Editor.Tests", "Unity.TextMeshPro.Editor.Tests.csproj", "{39f0bbe7-c3fc-6e6b-00d3-c9e13405a0c8}"
EndProject
Project("{FAE04EC0-301F-11D3-BF4B-00C04F79EFBC}") = "DocCodeExamples", "DocCodeExamples.csproj", "{792399ee-11f6-f988-a472-98af50efc44b}"
EndProject
Project("{FAE04EC0-301F-11D3-BF4B-00C04F79EFBC}") = "Unity.RenderPipelines.Universal.Editor.Tests", "Unity.RenderPipelines.Universal.Editor.Tests.csproj", "{7c3a95f7-9da6-4d2d-e1f6-7d8bc14475ad}"
EndProject
Project("{FAE04EC0-301F-11D3-BF4B-00C04F79EFBC}") = "UnityEngine.UI.Tests", "UnityEngine.UI.Tests.csproj", "{ca0c356a-253a-4ef9-fd9b-8f5c5374b293}"
EndProject
Project("{FAE04EC0-301F-11D3-BF4B-00C04F79EFBC}") = "Unity.TextMeshPro.Tests", "Unity.TextMeshPro.Tests.csproj", "{4d2658e1-2fa0-6d95-d257-59a7e0713fb2}"
EndProject
Project("{FAE04EC0-301F-11D3-BF4B-00C04F79EFBC}") = "SeparateAssembly", "SeparateAssembly.csproj", "{2d849a28-0f59-4477-6aea-2b995929e254}"
EndProject
Project("{FAE04EC0-301F-11D3-BF4B-00C04F79EFBC}") = "UnityEditor.UI.EditorTests", "UnityEditor.UI.EditorTests.csproj", "{0686ed9a-31bd-8203-7a6a-a05be02d5f88}"
EndProject
Project("{FAE04EC0-301F-11D3-BF4B-00C04F79EFBC}") = "Unity.RenderPipelines.Universal.Runtime.Tests", "Unity.RenderPipelines.Universal.Runtime.Tests.csproj", "{4294dd09-e199-45d3-b9b1-aba86e2630ee}"
EndProject
Project("{FAE04EC0-301F-11D3-BF4B-00C04F79EFBC}") = "OverloadedFunctionPointers", "OverloadedFunctionPointers.csproj", "{82bff5f3-ac87-983e-715c-c46aeb197646}"
EndProject
Project("{FAE04EC0-301F-11D3-BF4B-00C04F79EFBC}") = "Unity.RenderPipelines.Core.Runtime.Tests", "Unity.RenderPipelines.Core.Runtime.Tests.csproj", "{21ca29fe-0ca3-5599-db23-79b3754e73d6}"
EndProject
Project("{FAE04EC0-301F-11D3-BF4B-00C04F79EFBC}") = "Unity.ShaderGraph.Editor.Tests", "Unity.ShaderGraph.Editor.Tests.csproj", "{82206533-1532-5197-7f45-3e81e67d641b}"
EndProject
Global
	GlobalSection(SolutionConfigurationPlatforms) = preSolution
		Debug|Any CPU = Debug|Any CPU
	EndGlobalSection
	GlobalSection(ProjectConfigurationPlatforms) = postSolution
		{c136b9e5-13ee-90b1-44d9-a1c45843afc3}.Debug|Any CPU.ActiveCfg = Debug|Any CPU
		{c136b9e5-13ee-90b1-44d9-a1c45843afc3}.Debug|Any CPU.Build.0 = Debug|Any CPU
		{4f1d878c-4b9b-a298-cf09-275fa74579c7}.Debug|Any CPU.ActiveCfg = Debug|Any CPU
		{4f1d878c-4b9b-a298-cf09-275fa74579c7}.Debug|Any CPU.Build.0 = Debug|Any CPU
		{ce1e8d8f-c325-fae8-62c1-483e9b42b500}.Debug|Any CPU.ActiveCfg = Debug|Any CPU
		{ce1e8d8f-c325-fae8-62c1-483e9b42b500}.Debug|Any CPU.Build.0 = Debug|Any CPU
		{40427dde-55b8-35cb-6667-2330ba7b0fcc}.Debug|Any CPU.ActiveCfg = Debug|Any CPU
		{40427dde-55b8-35cb-6667-2330ba7b0fcc}.Debug|Any CPU.Build.0 = Debug|Any CPU
		{bc7dd3aa-382e-3c33-ad66-19777317be2b}.Debug|Any CPU.ActiveCfg = Debug|Any CPU
		{bc7dd3aa-382e-3c33-ad66-19777317be2b}.Debug|Any CPU.Build.0 = Debug|Any CPU
		{f1b852e5-b2b4-2e94-12e1-2b64c2d1f24c}.Debug|Any CPU.ActiveCfg = Debug|Any CPU
		{f1b852e5-b2b4-2e94-12e1-2b64c2d1f24c}.Debug|Any CPU.Build.0 = Debug|Any CPU
		{a4eeb461-a528-5b82-21ae-2e3697887952}.Debug|Any CPU.ActiveCfg = Debug|Any CPU
		{a4eeb461-a528-5b82-21ae-2e3697887952}.Debug|Any CPU.Build.0 = Debug|Any CPU
		{54fa409c-f29e-1526-085a-7a185a92e82f}.Debug|Any CPU.ActiveCfg = Debug|Any CPU
		{54fa409c-f29e-1526-085a-7a185a92e82f}.Debug|Any CPU.Build.0 = Debug|Any CPU
		{35ce3769-5417-eb7e-8320-e09373b67c8e}.Debug|Any CPU.ActiveCfg = Debug|Any CPU
		{35ce3769-5417-eb7e-8320-e09373b67c8e}.Debug|Any CPU.Build.0 = Debug|Any CPU
		{65380eb1-134b-3eb9-5684-160e7f2e3b7d}.Debug|Any CPU.ActiveCfg = Debug|Any CPU
		{65380eb1-134b-3eb9-5684-160e7f2e3b7d}.Debug|Any CPU.Build.0 = Debug|Any CPU
		{392faed9-ebd1-ca4d-4057-aca1f5bce483}.Debug|Any CPU.ActiveCfg = Debug|Any CPU
		{392faed9-ebd1-ca4d-4057-aca1f5bce483}.Debug|Any CPU.Build.0 = Debug|Any CPU
		{4fd10847-e7ba-890d-d980-b5905988b52e}.Debug|Any CPU.ActiveCfg = Debug|Any CPU
		{4fd10847-e7ba-890d-d980-b5905988b52e}.Debug|Any CPU.Build.0 = Debug|Any CPU
		{f299a7e6-c14f-4a22-88aa-0165d2d4c64b}.Debug|Any CPU.ActiveCfg = Debug|Any CPU
		{f299a7e6-c14f-4a22-88aa-0165d2d4c64b}.Debug|Any CPU.Build.0 = Debug|Any CPU
		{ad918828-b337-eecf-d248-19e3f736973a}.Debug|Any CPU.ActiveCfg = Debug|Any CPU
		{ad918828-b337-eecf-d248-19e3f736973a}.Debug|Any CPU.Build.0 = Debug|Any CPU
		{f6178f6d-d071-be1d-bd56-b04f1aeaaad5}.Debug|Any CPU.ActiveCfg = Debug|Any CPU
		{f6178f6d-d071-be1d-bd56-b04f1aeaaad5}.Debug|Any CPU.Build.0 = Debug|Any CPU
		{f439f8b3-eb45-ebfc-25ed-46d548247e0c}.Debug|Any CPU.ActiveCfg = Debug|Any CPU
		{f439f8b3-eb45-ebfc-25ed-46d548247e0c}.Debug|Any CPU.Build.0 = Debug|Any CPU
		{19fc9d6b-6dd1-4843-7111-3bf055770ea9}.Debug|Any CPU.ActiveCfg = Debug|Any CPU
		{19fc9d6b-6dd1-4843-7111-3bf055770ea9}.Debug|Any CPU.Build.0 = Debug|Any CPU
		{13d3c9ce-e315-4d8f-f9ea-8d70b257e429}.Debug|Any CPU.ActiveCfg = Debug|Any CPU
		{13d3c9ce-e315-4d8f-f9ea-8d70b257e429}.Debug|Any CPU.Build.0 = Debug|Any CPU
		{03668ecd-8ced-b513-30f9-25ca229be4b1}.Debug|Any CPU.ActiveCfg = Debug|Any CPU
		{03668ecd-8ced-b513-30f9-25ca229be4b1}.Debug|Any CPU.Build.0 = Debug|Any CPU
		{13942240-31bd-66d7-bd3a-e0514f3bd232}.Debug|Any CPU.ActiveCfg = Debug|Any CPU
		{13942240-31bd-66d7-bd3a-e0514f3bd232}.Debug|Any CPU.Build.0 = Debug|Any CPU
		{3640f888-e520-013e-8d90-a8b25292dbf1}.Debug|Any CPU.ActiveCfg = Debug|Any CPU
		{3640f888-e520-013e-8d90-a8b25292dbf1}.Debug|Any CPU.Build.0 = Debug|Any CPU
		{48891f38-1859-0976-3503-5530dc1506f2}.Debug|Any CPU.ActiveCfg = Debug|Any CPU
		{48891f38-1859-0976-3503-5530dc1506f2}.Debug|Any CPU.Build.0 = Debug|Any CPU
		{1dc3feec-b09e-a1bb-8d84-81ab007ede11}.Debug|Any CPU.ActiveCfg = Debug|Any CPU
		{1dc3feec-b09e-a1bb-8d84-81ab007ede11}.Debug|Any CPU.Build.0 = Debug|Any CPU
		{6a77f9e4-272b-055e-0e4a-dee13b20f200}.Debug|Any CPU.ActiveCfg = Debug|Any CPU
		{6a77f9e4-272b-055e-0e4a-dee13b20f200}.Debug|Any CPU.Build.0 = Debug|Any CPU
		{8cd6a860-60a8-cbb7-820f-bf5a29ad11eb}.Debug|Any CPU.ActiveCfg = Debug|Any CPU
		{8cd6a860-60a8-cbb7-820f-bf5a29ad11eb}.Debug|Any CPU.Build.0 = Debug|Any CPU
		{cb74517f-339d-3c0c-06e9-0a19f759a642}.Debug|Any CPU.ActiveCfg = Debug|Any CPU
		{cb74517f-339d-3c0c-06e9-0a19f759a642}.Debug|Any CPU.Build.0 = Debug|Any CPU
		{7ce11f2f-64a1-6f57-9183-519e1fa0977b}.Debug|Any CPU.ActiveCfg = Debug|Any CPU
		{7ce11f2f-64a1-6f57-9183-519e1fa0977b}.Debug|Any CPU.Build.0 = Debug|Any CPU
		{c7895fe9-6fbe-e386-2eae-2f2cf2f8510c}.Debug|Any CPU.ActiveCfg = Debug|Any CPU
		{c7895fe9-6fbe-e386-2eae-2f2cf2f8510c}.Debug|Any CPU.Build.0 = Debug|Any CPU
		{7e3ca217-8b65-22b1-61da-3c567eeb48a2}.Debug|Any CPU.ActiveCfg = Debug|Any CPU
		{7e3ca217-8b65-22b1-61da-3c567eeb48a2}.Debug|Any CPU.Build.0 = Debug|Any CPU
		{a0e896c1-e5b7-16eb-1105-970becf1e77c}.Debug|Any CPU.ActiveCfg = Debug|Any CPU
		{a0e896c1-e5b7-16eb-1105-970becf1e77c}.Debug|Any CPU.Build.0 = Debug|Any CPU
		{70532176-7574-ade3-db08-7375df596bbc}.Debug|Any CPU.ActiveCfg = Debug|Any CPU
		{70532176-7574-ade3-db08-7375df596bbc}.Debug|Any CPU.Build.0 = Debug|Any CPU
		{99a707ad-ae29-a515-99ff-c9e90d6cd32e}.Debug|Any CPU.ActiveCfg = Debug|Any CPU
		{99a707ad-ae29-a515-99ff-c9e90d6cd32e}.Debug|Any CPU.Build.0 = Debug|Any CPU
		{4a42f425-84f1-e06a-c9bb-176d6c7094f4}.Debug|Any CPU.ActiveCfg = Debug|Any CPU
		{4a42f425-84f1-e06a-c9bb-176d6c7094f4}.Debug|Any CPU.Build.0 = Debug|Any CPU
		{92846436-dc87-2a54-bd48-dbfea569f85e}.Debug|Any CPU.ActiveCfg = Debug|Any CPU
		{92846436-dc87-2a54-bd48-dbfea569f85e}.Debug|Any CPU.Build.0 = Debug|Any CPU
		{0c43f7b6-92e8-4a33-e698-1895ec3a9b8d}.Debug|Any CPU.ActiveCfg = Debug|Any CPU
		{0c43f7b6-92e8-4a33-e698-1895ec3a9b8d}.Debug|Any CPU.Build.0 = Debug|Any CPU
		{f6d8fd05-b058-0c98-0ff5-a4058b653f21}.Debug|Any CPU.ActiveCfg = Debug|Any CPU
		{f6d8fd05-b058-0c98-0ff5-a4058b653f21}.Debug|Any CPU.Build.0 = Debug|Any CPU
		{272dd1c3-e8af-a3ab-ae78-624f83d0a2e1}.Debug|Any CPU.ActiveCfg = Debug|Any CPU
		{272dd1c3-e8af-a3ab-ae78-624f83d0a2e1}.Debug|Any CPU.Build.0 = Debug|Any CPU
		{5362c477-a166-36ee-1364-ea6bab2c9a6a}.Debug|Any CPU.ActiveCfg = Debug|Any CPU
		{5362c477-a166-36ee-1364-ea6bab2c9a6a}.Debug|Any CPU.Build.0 = Debug|Any CPU
		{657503b4-b631-e404-fbef-4674798609cd}.Debug|Any CPU.ActiveCfg = Debug|Any CPU
		{657503b4-b631-e404-fbef-4674798609cd}.Debug|Any CPU.Build.0 = Debug|Any CPU
		{8d570162-edee-5bcb-2a78-3ed6ee9cee76}.Debug|Any CPU.ActiveCfg = Debug|Any CPU
		{8d570162-edee-5bcb-2a78-3ed6ee9cee76}.Debug|Any CPU.Build.0 = Debug|Any CPU
		{a1d1fae3-10d4-494a-642b-8207f6b3d58e}.Debug|Any CPU.ActiveCfg = Debug|Any CPU
		{a1d1fae3-10d4-494a-642b-8207f6b3d58e}.Debug|Any CPU.Build.0 = Debug|Any CPU
		{36dc2c35-5179-34d7-940a-3d3d4c8079aa}.Debug|Any CPU.ActiveCfg = Debug|Any CPU
		{36dc2c35-5179-34d7-940a-3d3d4c8079aa}.Debug|Any CPU.Build.0 = Debug|Any CPU
		{9419bddf-12b7-680b-b39e-cf5d225575c8}.Debug|Any CPU.ActiveCfg = Debug|Any CPU
		{9419bddf-12b7-680b-b39e-cf5d225575c8}.Debug|Any CPU.Build.0 = Debug|Any CPU
		{92ea03b0-ed69-9d16-4187-78d2ba0a2250}.Debug|Any CPU.ActiveCfg = Debug|Any CPU
		{92ea03b0-ed69-9d16-4187-78d2ba0a2250}.Debug|Any CPU.Build.0 = Debug|Any CPU
		{b009fbe1-d185-6ff6-5c6b-3704fbc02273}.Debug|Any CPU.ActiveCfg = Debug|Any CPU
		{b009fbe1-d185-6ff6-5c6b-3704fbc02273}.Debug|Any CPU.Build.0 = Debug|Any CPU
		{13654c55-f41f-2091-cdcf-7d36d8a56d5b}.Debug|Any CPU.ActiveCfg = Debug|Any CPU
		{13654c55-f41f-2091-cdcf-7d36d8a56d5b}.Debug|Any CPU.Build.0 = Debug|Any CPU
		{33b112f3-ee59-2d68-803a-7355b00411a8}.Debug|Any CPU.ActiveCfg = Debug|Any CPU
		{33b112f3-ee59-2d68-803a-7355b00411a8}.Debug|Any CPU.Build.0 = Debug|Any CPU
		{39f0bbe7-c3fc-6e6b-00d3-c9e13405a0c8}.Debug|Any CPU.ActiveCfg = Debug|Any CPU
		{39f0bbe7-c3fc-6e6b-00d3-c9e13405a0c8}.Debug|Any CPU.Build.0 = Debug|Any CPU
		{792399ee-11f6-f988-a472-98af50efc44b}.Debug|Any CPU.ActiveCfg = Debug|Any CPU
		{792399ee-11f6-f988-a472-98af50efc44b}.Debug|Any CPU.Build.0 = Debug|Any CPU
		{7c3a95f7-9da6-4d2d-e1f6-7d8bc14475ad}.Debug|Any CPU.ActiveCfg = Debug|Any CPU
		{7c3a95f7-9da6-4d2d-e1f6-7d8bc14475ad}.Debug|Any CPU.Build.0 = Debug|Any CPU
		{ca0c356a-253a-4ef9-fd9b-8f5c5374b293}.Debug|Any CPU.ActiveCfg = Debug|Any CPU
		{ca0c356a-253a-4ef9-fd9b-8f5c5374b293}.Debug|Any CPU.Build.0 = Debug|Any CPU
		{4d2658e1-2fa0-6d95-d257-59a7e0713fb2}.Debug|Any CPU.ActiveCfg = Debug|Any CPU
		{4d2658e1-2fa0-6d95-d257-59a7e0713fb2}.Debug|Any CPU.Build.0 = Debug|Any CPU
		{2d849a28-0f59-4477-6aea-2b995929e254}.Debug|Any CPU.ActiveCfg = Debug|Any CPU
		{2d849a28-0f59-4477-6aea-2b995929e254}.Debug|Any CPU.Build.0 = Debug|Any CPU
		{0686ed9a-31bd-8203-7a6a-a05be02d5f88}.Debug|Any CPU.ActiveCfg = Debug|Any CPU
		{0686ed9a-31bd-8203-7a6a-a05be02d5f88}.Debug|Any CPU.Build.0 = Debug|Any CPU
		{4294dd09-e199-45d3-b9b1-aba86e2630ee}.Debug|Any CPU.ActiveCfg = Debug|Any CPU
		{4294dd09-e199-45d3-b9b1-aba86e2630ee}.Debug|Any CPU.Build.0 = Debug|Any CPU
		{82bff5f3-ac87-983e-715c-c46aeb197646}.Debug|Any CPU.ActiveCfg = Debug|Any CPU
		{82bff5f3-ac87-983e-715c-c46aeb197646}.Debug|Any CPU.Build.0 = Debug|Any CPU
		{21ca29fe-0ca3-5599-db23-79b3754e73d6}.Debug|Any CPU.ActiveCfg = Debug|Any CPU
		{21ca29fe-0ca3-5599-db23-79b3754e73d6}.Debug|Any CPU.Build.0 = Debug|Any CPU
		{82206533-1532-5197-7f45-3e81e67d641b}.Debug|Any CPU.ActiveCfg = Debug|Any CPU
		{82206533-1532-5197-7f45-3e81e67d641b}.Debug|Any CPU.Build.0 = Debug|Any CPU
	EndGlobalSection
	GlobalSection(SolutionProperties) = preSolution
		HideSolutionNode = FALSE
	EndGlobalSection
EndGlobal
